// !$*UTF8*$!
{
	archiveVersion = 1;
	classes = {
	};
	objectVersion = 51;
	objects = {

/* Begin PBXBuildFile section */
		267CC5BA2399586A00CEFB70 /* locationDisplayViewController.swift in Sources */ = {isa = PBXBuildFile; fileRef = 267CC5B92399586A00CEFB70 /* locationDisplayViewController.swift */; };
		267CC5BC23995A2A00CEFB70 /* LocationDisplayCollectionViewCell.swift in Sources */ = {isa = PBXBuildFile; fileRef = 267CC5BB23995A2A00CEFB70 /* LocationDisplayCollectionViewCell.swift */; };
		267CC5BE2399CC3100CEFB70 /* LocationDetailViewController.swift in Sources */ = {isa = PBXBuildFile; fileRef = 267CC5BD2399CC3100CEFB70 /* LocationDetailViewController.swift */; };
		267CC5C0239ABDA800CEFB70 /* FavoriteCollectionViewController.swift in Sources */ = {isa = PBXBuildFile; fileRef = 267CC5BF239ABDA800CEFB70 /* FavoriteCollectionViewController.swift */; };
		267CC5C2239ACDF600CEFB70 /* FavoriteCollectionViewCell.swift in Sources */ = {isa = PBXBuildFile; fileRef = 267CC5C1239ACDF600CEFB70 /* FavoriteCollectionViewCell.swift */; };
		267CC5C4239B05D100CEFB70 /* JoesSample.swift in Sources */ = {isa = PBXBuildFile; fileRef = 267CC5C3239B05D100CEFB70 /* JoesSample.swift */; };
		26A6B8A5238C78A30099382F /* Favorite.swift in Sources */ = {isa = PBXBuildFile; fileRef = 26A6B8A4238C78A30099382F /* Favorite.swift */; };
		26A6B8A7238C78EC0099382F /* CreatedLocation.swift in Sources */ = {isa = PBXBuildFile; fileRef = 26A6B8A6238C78EC0099382F /* CreatedLocation.swift */; };
		26A6B8A9238C82420099382F /* FavoriteController.swift in Sources */ = {isa = PBXBuildFile; fileRef = 26A6B8A8238C82420099382F /* FavoriteController.swift */; };
		26A6B8AB238C83BB0099382F /* CreatedLocationController.swift in Sources */ = {isa = PBXBuildFile; fileRef = 26A6B8AA238C83BB0099382F /* CreatedLocationController.swift */; };
		26A6B8AD238D94F80099382F /* CreateNewLocationViewController.swift in Sources */ = {isa = PBXBuildFile; fileRef = 26A6B8AC238D94F80099382F /* CreateNewLocationViewController.swift */; };
		26A6B8AF238DAD300099382F /* Favorite.storyboard in Resources */ = {isa = PBXBuildFile; fileRef = 26A6B8AE238DAD300099382F /* Favorite.storyboard */; };
		26A6B8B1238DAE130099382F /* Map.storyboard in Resources */ = {isa = PBXBuildFile; fileRef = 26A6B8B0238DAE130099382F /* Map.storyboard */; };
		26A6B8B3238DAE3B0099382F /* CreateLocation.storyboard in Resources */ = {isa = PBXBuildFile; fileRef = 26A6B8B2238DAE3B0099382F /* CreateLocation.storyboard */; };
		26A6B8B5238DAE530099382F /* UserProfile.storyboard in Resources */ = {isa = PBXBuildFile; fileRef = 26A6B8B4238DAE530099382F /* UserProfile.storyboard */; };
		26CFDD60238C62ED0023444F /* APISearchController.swift in Sources */ = {isa = PBXBuildFile; fileRef = 26CFDD5F238C62ED0023444F /* APISearchController.swift */; };
		26CFDD62238C63330023444F /* URLConstants.swift in Sources */ = {isa = PBXBuildFile; fileRef = 26CFDD61238C63330023444F /* URLConstants.swift */; };
		26CFDD64238C63680023444F /* YelpAPIModel.swift in Sources */ = {isa = PBXBuildFile; fileRef = 26CFDD63238C63680023444F /* YelpAPIModel.swift */; };
		26CFDD66238C638E0023444F /* User.swift in Sources */ = {isa = PBXBuildFile; fileRef = 26CFDD65238C638E0023444F /* User.swift */; };
		26CFDD68238C63C10023444F /* Comment.swift in Sources */ = {isa = PBXBuildFile; fileRef = 26CFDD67238C63C10023444F /* Comment.swift */; };
		26F899512386F091007542DE /* MapViewTabViewController.swift in Sources */ = {isa = PBXBuildFile; fileRef = 26F8994F2386F091007542DE /* MapViewTabViewController.swift */; };
		26F8995D238723BB007542DE /* LaunchScreen.storyboard in Resources */ = {isa = PBXBuildFile; fileRef = 26F8995B238723BA007542DE /* LaunchScreen.storyboard */; };
		26F8995E238723BB007542DE /* Main.storyboard in Resources */ = {isa = PBXBuildFile; fileRef = 26F8995C238723BA007542DE /* Main.storyboard */; };
		280D801E238F5AEF001704CC /* Utilities.swift in Sources */ = {isa = PBXBuildFile; fileRef = 280D801D238F5AEF001704CC /* Utilities.swift */; };
		280D8020238F5FC0001704CC /* UploadProfilePictureViewController.swift in Sources */ = {isa = PBXBuildFile; fileRef = 280D801F238F5FC0001704CC /* UploadProfilePictureViewController.swift */; };
		281E8ABA238DE27E007EB045 /* WelcomeBack.storyboard in Resources */ = {isa = PBXBuildFile; fileRef = 281E8AB9238DE27E007EB045 /* WelcomeBack.storyboard */; };
		281E8ABC238DE53C007EB045 /* Onboarding.storyboard in Resources */ = {isa = PBXBuildFile; fileRef = 281E8ABB238DE53C007EB045 /* Onboarding.storyboard */; };
		28477F0A2385C48800C1CA16 /* GoogleService-Info.plist in Resources */ = {isa = PBXBuildFile; fileRef = 28477F092385C48800C1CA16 /* GoogleService-Info.plist */; };
		2891A245238DC56400EF795B /* UploadProfilePic.storyboard in Resources */ = {isa = PBXBuildFile; fileRef = 2891A244238DC56400EF795B /* UploadProfilePic.storyboard */; };
		28BC10AA238C7F42009CE084 /* UserController.swift in Sources */ = {isa = PBXBuildFile; fileRef = 28BC10A9238C7F42009CE084 /* UserController.swift */; };
		28BC10AC238C887D009CE084 /* SignUp.storyboard in Resources */ = {isa = PBXBuildFile; fileRef = 28BC10AB238C887D009CE084 /* SignUp.storyboard */; };
		28BC10AE238C89A2009CE084 /* SignUpViewController.swift in Sources */ = {isa = PBXBuildFile; fileRef = 28BC10AD238C89A2009CE084 /* SignUpViewController.swift */; };
		28BCD40823957DCD006898D1 /* PhotoPickerViewController.swift in Sources */ = {isa = PBXBuildFile; fileRef = 28BCD40723957DCD006898D1 /* PhotoPickerViewController.swift */; };
		28BCD40A23957E0D006898D1 /* PhotoPicker.storyboard in Resources */ = {isa = PBXBuildFile; fileRef = 28BCD40923957E0D006898D1 /* PhotoPicker.storyboard */; };
		28BCD40F2395BCFB006898D1 /* WelcomeBackViewController.swift in Sources */ = {isa = PBXBuildFile; fileRef = 28BCD40E2395BCFB006898D1 /* WelcomeBackViewController.swift */; };
		28DDA7D4239981C600E12A8A /* UserProfileViewController.swift in Sources */ = {isa = PBXBuildFile; fileRef = 28DDA7D3239981C600E12A8A /* UserProfileViewController.swift */; };
		28FB525F2385C3CF00266868 /* AppDelegate.swift in Sources */ = {isa = PBXBuildFile; fileRef = 28FB525E2385C3CF00266868 /* AppDelegate.swift */; };
		28FB52612385C3CF00266868 /* SceneDelegate.swift in Sources */ = {isa = PBXBuildFile; fileRef = 28FB52602385C3CF00266868 /* SceneDelegate.swift */; };
		28FB52682385C3D000266868 /* Assets.xcassets in Resources */ = {isa = PBXBuildFile; fileRef = 28FB52672385C3D000266868 /* Assets.xcassets */; };
		EAEB505AC5E0B6BF897C0AB3 /* Pods_TourMore.framework in Frameworks */ = {isa = PBXBuildFile; fileRef = 0DCDA6513E6052A7B7004EFA /* Pods_TourMore.framework */; };
		FC180F12239833B300DE507E /* CommentTableViewCell.swift in Sources */ = {isa = PBXBuildFile; fileRef = FC180F11239833B300DE507E /* CommentTableViewCell.swift */; };
		FC79CF8B238D9E4800A0FB12 /* CommentController.swift in Sources */ = {isa = PBXBuildFile; fileRef = FC79CF8A238D9E4800A0FB12 /* CommentController.swift */; };
		FC79CF8D238D9FD300A0FB12 /* CommentViewController.swift in Sources */ = {isa = PBXBuildFile; fileRef = FC79CF8C238D9FD300A0FB12 /* CommentViewController.swift */; };
		FC79CF91238DE78000A0FB12 /* Comment.storyboard in Resources */ = {isa = PBXBuildFile; fileRef = FC79CF90238DE78000A0FB12 /* Comment.storyboard */; };
/* End PBXBuildFile section */

/* Begin PBXFileReference section */
		0DCDA6513E6052A7B7004EFA /* Pods_TourMore.framework */ = {isa = PBXFileReference; explicitFileType = wrapper.framework; includeInIndex = 0; path = Pods_TourMore.framework; sourceTree = BUILT_PRODUCTS_DIR; };
		267CC5B92399586A00CEFB70 /* locationDisplayViewController.swift */ = {isa = PBXFileReference; lastKnownFileType = sourcecode.swift; path = locationDisplayViewController.swift; sourceTree = "<group>"; };
		267CC5BB23995A2A00CEFB70 /* LocationDisplayCollectionViewCell.swift */ = {isa = PBXFileReference; lastKnownFileType = sourcecode.swift; path = LocationDisplayCollectionViewCell.swift; sourceTree = "<group>"; };
		267CC5BD2399CC3100CEFB70 /* LocationDetailViewController.swift */ = {isa = PBXFileReference; lastKnownFileType = sourcecode.swift; path = LocationDetailViewController.swift; sourceTree = "<group>"; };
		267CC5BF239ABDA800CEFB70 /* FavoriteCollectionViewController.swift */ = {isa = PBXFileReference; lastKnownFileType = sourcecode.swift; path = FavoriteCollectionViewController.swift; sourceTree = "<group>"; };
		267CC5C1239ACDF600CEFB70 /* FavoriteCollectionViewCell.swift */ = {isa = PBXFileReference; lastKnownFileType = sourcecode.swift; path = FavoriteCollectionViewCell.swift; sourceTree = "<group>"; };
		267CC5C3239B05D100CEFB70 /* JoesSample.swift */ = {isa = PBXFileReference; lastKnownFileType = sourcecode.swift; path = JoesSample.swift; sourceTree = "<group>"; };
		26A6B8A4238C78A30099382F /* Favorite.swift */ = {isa = PBXFileReference; lastKnownFileType = sourcecode.swift; path = Favorite.swift; sourceTree = "<group>"; };
		26A6B8A6238C78EC0099382F /* CreatedLocation.swift */ = {isa = PBXFileReference; lastKnownFileType = sourcecode.swift; path = CreatedLocation.swift; sourceTree = "<group>"; };
		26A6B8A8238C82420099382F /* FavoriteController.swift */ = {isa = PBXFileReference; lastKnownFileType = sourcecode.swift; path = FavoriteController.swift; sourceTree = "<group>"; };
		26A6B8AA238C83BB0099382F /* CreatedLocationController.swift */ = {isa = PBXFileReference; lastKnownFileType = sourcecode.swift; path = CreatedLocationController.swift; sourceTree = "<group>"; };
		26A6B8AC238D94F80099382F /* CreateNewLocationViewController.swift */ = {isa = PBXFileReference; lastKnownFileType = sourcecode.swift; path = CreateNewLocationViewController.swift; sourceTree = "<group>"; };
		26A6B8AE238DAD300099382F /* Favorite.storyboard */ = {isa = PBXFileReference; fileEncoding = 4; lastKnownFileType = file.storyboard; name = Favorite.storyboard; path = Base.Iproj/Favorite.storyboard; sourceTree = "<group>"; };
		26A6B8B0238DAE130099382F /* Map.storyboard */ = {isa = PBXFileReference; fileEncoding = 4; lastKnownFileType = file.storyboard; path = Map.storyboard; sourceTree = "<group>"; };
		26A6B8B2238DAE3B0099382F /* CreateLocation.storyboard */ = {isa = PBXFileReference; fileEncoding = 4; lastKnownFileType = file.storyboard; name = CreateLocation.storyboard; path = Base.Iproj/CreateLocation.storyboard; sourceTree = "<group>"; };
		26A6B8B4238DAE530099382F /* UserProfile.storyboard */ = {isa = PBXFileReference; fileEncoding = 4; lastKnownFileType = file.storyboard; path = UserProfile.storyboard; sourceTree = "<group>"; };
		26CFDD5F238C62ED0023444F /* APISearchController.swift */ = {isa = PBXFileReference; lastKnownFileType = sourcecode.swift; path = APISearchController.swift; sourceTree = "<group>"; };
		26CFDD61238C63330023444F /* URLConstants.swift */ = {isa = PBXFileReference; lastKnownFileType = sourcecode.swift; path = URLConstants.swift; sourceTree = "<group>"; };
		26CFDD63238C63680023444F /* YelpAPIModel.swift */ = {isa = PBXFileReference; lastKnownFileType = sourcecode.swift; path = YelpAPIModel.swift; sourceTree = "<group>"; };
		26CFDD65238C638E0023444F /* User.swift */ = {isa = PBXFileReference; lastKnownFileType = sourcecode.swift; path = User.swift; sourceTree = "<group>"; };
		26CFDD67238C63C10023444F /* Comment.swift */ = {isa = PBXFileReference; lastKnownFileType = sourcecode.swift; path = Comment.swift; sourceTree = "<group>"; };
		26F8994F2386F091007542DE /* MapViewTabViewController.swift */ = {isa = PBXFileReference; fileEncoding = 4; lastKnownFileType = sourcecode.swift; path = MapViewTabViewController.swift; sourceTree = "<group>"; };
		26F8995B238723BA007542DE /* LaunchScreen.storyboard */ = {isa = PBXFileReference; fileEncoding = 4; lastKnownFileType = file.storyboard; name = LaunchScreen.storyboard; path = Base.Iproj/LaunchScreen.storyboard; sourceTree = "<group>"; };
		26F8995C238723BA007542DE /* Main.storyboard */ = {isa = PBXFileReference; fileEncoding = 4; lastKnownFileType = file.storyboard; name = Main.storyboard; path = Base.Iproj/Main.storyboard; sourceTree = "<group>"; };
		280D801D238F5AEF001704CC /* Utilities.swift */ = {isa = PBXFileReference; lastKnownFileType = sourcecode.swift; path = Utilities.swift; sourceTree = "<group>"; };
		280D801F238F5FC0001704CC /* UploadProfilePictureViewController.swift */ = {isa = PBXFileReference; lastKnownFileType = sourcecode.swift; path = UploadProfilePictureViewController.swift; sourceTree = "<group>"; };
		281E8AB9238DE27E007EB045 /* WelcomeBack.storyboard */ = {isa = PBXFileReference; fileEncoding = 4; lastKnownFileType = file.storyboard; path = WelcomeBack.storyboard; sourceTree = "<group>"; };
		281E8ABB238DE53C007EB045 /* Onboarding.storyboard */ = {isa = PBXFileReference; lastKnownFileType = file.storyboard; path = Onboarding.storyboard; sourceTree = "<group>"; };
		28477F092385C48800C1CA16 /* GoogleService-Info.plist */ = {isa = PBXFileReference; fileEncoding = 4; lastKnownFileType = text.plist.xml; path = "GoogleService-Info.plist"; sourceTree = "<group>"; };
		2891A244238DC56400EF795B /* UploadProfilePic.storyboard */ = {isa = PBXFileReference; lastKnownFileType = file.storyboard; path = UploadProfilePic.storyboard; sourceTree = "<group>"; };
		28BC10A9238C7F42009CE084 /* UserController.swift */ = {isa = PBXFileReference; lastKnownFileType = sourcecode.swift; path = UserController.swift; sourceTree = "<group>"; };
		28BC10AB238C887D009CE084 /* SignUp.storyboard */ = {isa = PBXFileReference; lastKnownFileType = file.storyboard; path = SignUp.storyboard; sourceTree = "<group>"; };
		28BC10AD238C89A2009CE084 /* SignUpViewController.swift */ = {isa = PBXFileReference; lastKnownFileType = sourcecode.swift; path = SignUpViewController.swift; sourceTree = "<group>"; };
		28BCD40723957DCD006898D1 /* PhotoPickerViewController.swift */ = {isa = PBXFileReference; lastKnownFileType = sourcecode.swift; path = PhotoPickerViewController.swift; sourceTree = "<group>"; };
		28BCD40923957E0D006898D1 /* PhotoPicker.storyboard */ = {isa = PBXFileReference; fileEncoding = 4; lastKnownFileType = file.storyboard; path = PhotoPicker.storyboard; sourceTree = "<group>"; };
		28BCD40B23959B64006898D1 /* TourMore.entitlements */ = {isa = PBXFileReference; lastKnownFileType = text.plist.entitlements; path = TourMore.entitlements; sourceTree = "<group>"; };
		28BCD40E2395BCFB006898D1 /* WelcomeBackViewController.swift */ = {isa = PBXFileReference; lastKnownFileType = sourcecode.swift; path = WelcomeBackViewController.swift; sourceTree = "<group>"; };
		28DDA7D3239981C600E12A8A /* UserProfileViewController.swift */ = {isa = PBXFileReference; lastKnownFileType = sourcecode.swift; path = UserProfileViewController.swift; sourceTree = "<group>"; };
		28FB525B2385C3CF00266868 /* TourMore.app */ = {isa = PBXFileReference; explicitFileType = wrapper.application; includeInIndex = 0; path = TourMore.app; sourceTree = BUILT_PRODUCTS_DIR; };
		28FB525E2385C3CF00266868 /* AppDelegate.swift */ = {isa = PBXFileReference; lastKnownFileType = sourcecode.swift; path = AppDelegate.swift; sourceTree = "<group>"; };
		28FB52602385C3CF00266868 /* SceneDelegate.swift */ = {isa = PBXFileReference; lastKnownFileType = sourcecode.swift; path = SceneDelegate.swift; sourceTree = "<group>"; };
		28FB52672385C3D000266868 /* Assets.xcassets */ = {isa = PBXFileReference; lastKnownFileType = folder.assetcatalog; path = Assets.xcassets; sourceTree = "<group>"; };
		28FB526C2385C3D000266868 /* Info.plist */ = {isa = PBXFileReference; lastKnownFileType = text.plist.xml; path = Info.plist; sourceTree = "<group>"; };
		8EBB7F49997E8BC0FBBE2AA3 /* Pods-TourMore.release.xcconfig */ = {isa = PBXFileReference; includeInIndex = 1; lastKnownFileType = text.xcconfig; name = "Pods-TourMore.release.xcconfig"; path = "Target Support Files/Pods-TourMore/Pods-TourMore.release.xcconfig"; sourceTree = "<group>"; };
		FC180F11239833B300DE507E /* CommentTableViewCell.swift */ = {isa = PBXFileReference; lastKnownFileType = sourcecode.swift; path = CommentTableViewCell.swift; sourceTree = "<group>"; };
		FC79CF8A238D9E4800A0FB12 /* CommentController.swift */ = {isa = PBXFileReference; lastKnownFileType = sourcecode.swift; path = CommentController.swift; sourceTree = "<group>"; };
		FC79CF8C238D9FD300A0FB12 /* CommentViewController.swift */ = {isa = PBXFileReference; lastKnownFileType = sourcecode.swift; path = CommentViewController.swift; sourceTree = "<group>"; };
		FC79CF90238DE78000A0FB12 /* Comment.storyboard */ = {isa = PBXFileReference; lastKnownFileType = file.storyboard; path = Comment.storyboard; sourceTree = "<group>"; };
		FD2C28E0E6CC3310BB4ED031 /* Pods-TourMore.debug.xcconfig */ = {isa = PBXFileReference; includeInIndex = 1; lastKnownFileType = text.xcconfig; name = "Pods-TourMore.debug.xcconfig"; path = "Target Support Files/Pods-TourMore/Pods-TourMore.debug.xcconfig"; sourceTree = "<group>"; };
/* End PBXFileReference section */

/* Begin PBXFrameworksBuildPhase section */
		28FB52582385C3CF00266868 /* Frameworks */ = {
			isa = PBXFrameworksBuildPhase;
			buildActionMask = 2147483647;
			files = (
				EAEB505AC5E0B6BF897C0AB3 /* Pods_TourMore.framework in Frameworks */,
			);
			runOnlyForDeploymentPostprocessing = 0;
		};
/* End PBXFrameworksBuildPhase section */

/* Begin PBXGroup section */
		26CFDD5B238C5C9B0023444F /* ModelControllers */ = {
			isa = PBXGroup;
			children = (
				26CFDD5C238C5CC90023444F /* URLConstants */,
				26CFDD5F238C62ED0023444F /* APISearchController.swift */,
				26A6B8A8238C82420099382F /* FavoriteController.swift */,
				26A6B8AA238C83BB0099382F /* CreatedLocationController.swift */,
				28BC10A9238C7F42009CE084 /* UserController.swift */,
				FC79CF8A238D9E4800A0FB12 /* CommentController.swift */,
			);
			path = ModelControllers;
			sourceTree = "<group>";
		};
		26CFDD5C238C5CC90023444F /* URLConstants */ = {
			isa = PBXGroup;
			children = (
				26CFDD61238C63330023444F /* URLConstants.swift */,
			);
			path = URLConstants;
			sourceTree = "<group>";
		};
		26CFDD5D238C5CDD0023444F /* Models */ = {
			isa = PBXGroup;
			children = (
				26CFDD63238C63680023444F /* YelpAPIModel.swift */,
				26CFDD65238C638E0023444F /* User.swift */,
				26CFDD67238C63C10023444F /* Comment.swift */,
				26A6B8A4238C78A30099382F /* Favorite.swift */,
				26A6B8A6238C78EC0099382F /* CreatedLocation.swift */,
				267CC5C3239B05D100CEFB70 /* JoesSample.swift */,
			);
			path = Models;
			sourceTree = "<group>";
		};
		26CFDD5E238C5CEA0023444F /* Storyboards */ = {
			isa = PBXGroup;
			children = (
				26F8995B238723BA007542DE /* LaunchScreen.storyboard */,
				26F8995C238723BA007542DE /* Main.storyboard */,
				26A6B8B4238DAE530099382F /* UserProfile.storyboard */,
				26A6B8B2238DAE3B0099382F /* CreateLocation.storyboard */,
				26A6B8B0238DAE130099382F /* Map.storyboard */,
				26A6B8AE238DAD300099382F /* Favorite.storyboard */,
				28BC10AB238C887D009CE084 /* SignUp.storyboard */,
				281E8AB9238DE27E007EB045 /* WelcomeBack.storyboard */,
				2891A244238DC56400EF795B /* UploadProfilePic.storyboard */,
				28BCD40923957E0D006898D1 /* PhotoPicker.storyboard */,
				281E8ABB238DE53C007EB045 /* Onboarding.storyboard */,
				FC79CF90238DE78000A0FB12 /* Comment.storyboard */,
			);
			path = Storyboards;
			sourceTree = "<group>";
		};
		26D75CF12385D03000B285A4 /* SupportingFiles  */ = {
			isa = PBXGroup;
			children = (
				28FB525E2385C3CF00266868 /* AppDelegate.swift */,
				28FB52602385C3CF00266868 /* SceneDelegate.swift */,
			);
			path = "SupportingFiles ";
			sourceTree = "<group>";
		};
		26F899522386F0BA007542DE /* Controllers */ = {
			isa = PBXGroup;
			children = (
				26F899532386F0C8007542DE /* ViewControllers */,
				26CFDD5B238C5C9B0023444F /* ModelControllers */,
			);
			path = Controllers;
			sourceTree = "<group>";
		};
		26F899532386F0C8007542DE /* ViewControllers */ = {
			isa = PBXGroup;
			children = (
				288EB3722397215700B4AE4C /* CustomCells */,
				26F8994F2386F091007542DE /* MapViewTabViewController.swift */,
				28BC10AD238C89A2009CE084 /* SignUpViewController.swift */,
				28BCD40E2395BCFB006898D1 /* WelcomeBackViewController.swift */,
				FC79CF8C238D9FD300A0FB12 /* CommentViewController.swift */,
				26A6B8AC238D94F80099382F /* CreateNewLocationViewController.swift */,
				280D801F238F5FC0001704CC /* UploadProfilePictureViewController.swift */,
				28DDA7D3239981C600E12A8A /* UserProfileViewController.swift */,
				280D801C238F5AB9001704CC /* Helpers */,
				267CC5B92399586A00CEFB70 /* locationDisplayViewController.swift */,
				267CC5BB23995A2A00CEFB70 /* LocationDisplayCollectionViewCell.swift */,
				267CC5BD2399CC3100CEFB70 /* LocationDetailViewController.swift */,
				267CC5BF239ABDA800CEFB70 /* FavoriteCollectionViewController.swift */,
				267CC5C1239ACDF600CEFB70 /* FavoriteCollectionViewCell.swift */,
			);
			path = ViewControllers;
			sourceTree = "<group>";
		};
		280D801C238F5AB9001704CC /* Helpers */ = {
			isa = PBXGroup;
			children = (
				280D801D238F5AEF001704CC /* Utilities.swift */,
				28BCD40723957DCD006898D1 /* PhotoPickerViewController.swift */,
			);
			path = Helpers;
			sourceTree = "<group>";
		};
		288EB3722397215700B4AE4C /* CustomCells */ = {
			isa = PBXGroup;
			children = (
				FC180F11239833B300DE507E /* CommentTableViewCell.swift */,
			);
			path = CustomCells;
			sourceTree = "<group>";
		};
		28FB52522385C3CF00266868 = {
			isa = PBXGroup;
			children = (
				28FB525D2385C3CF00266868 /* TourMore */,
				28FB525C2385C3CF00266868 /* Products */,
				557646AAF2F3168FA41D19A7 /* Pods */,
				2979E3F0BAD1DA469ED108D9 /* Frameworks */,
			);
			sourceTree = "<group>";
		};
		28FB525C2385C3CF00266868 /* Products */ = {
			isa = PBXGroup;
			children = (
				28FB525B2385C3CF00266868 /* TourMore.app */,
			);
			name = Products;
			sourceTree = "<group>";
		};
		28FB525D2385C3CF00266868 /* TourMore */ = {
			isa = PBXGroup;
			children = (
				28BCD40B23959B64006898D1 /* TourMore.entitlements */,
				26F899522386F0BA007542DE /* Controllers */,
				26CFDD5D238C5CDD0023444F /* Models */,
				26CFDD5E238C5CEA0023444F /* Storyboards */,
				26D75CF12385D03000B285A4 /* SupportingFiles  */,
				28FB52672385C3D000266868 /* Assets.xcassets */,
				28FB526C2385C3D000266868 /* Info.plist */,
				28477F092385C48800C1CA16 /* GoogleService-Info.plist */,
			);
			path = TourMore;
			sourceTree = "<group>";
		};
		2979E3F0BAD1DA469ED108D9 /* Frameworks */ = {
			isa = PBXGroup;
			children = (
				0DCDA6513E6052A7B7004EFA /* Pods_TourMore.framework */,
			);
			name = Frameworks;
			sourceTree = "<group>";
		};
		557646AAF2F3168FA41D19A7 /* Pods */ = {
			isa = PBXGroup;
			children = (
				FD2C28E0E6CC3310BB4ED031 /* Pods-TourMore.debug.xcconfig */,
				8EBB7F49997E8BC0FBBE2AA3 /* Pods-TourMore.release.xcconfig */,
			);
			path = Pods;
			sourceTree = "<group>";
		};
/* End PBXGroup section */

/* Begin PBXNativeTarget section */
		28FB525A2385C3CF00266868 /* TourMore */ = {
			isa = PBXNativeTarget;
			buildConfigurationList = 28FB526F2385C3D000266868 /* Build configuration list for PBXNativeTarget "TourMore" */;
			buildPhases = (
				89A466AB6DADC90E795944BF /* [CP] Check Pods Manifest.lock */,
				28FB52572385C3CF00266868 /* Sources */,
				28FB52582385C3CF00266868 /* Frameworks */,
				28FB52592385C3CF00266868 /* Resources */,
				E31924A62B50B99D243AC114 /* [CP] Embed Pods Frameworks */,
			);
			buildRules = (
			);
			dependencies = (
			);
			name = TourMore;
			productName = TourMore;
			productReference = 28FB525B2385C3CF00266868 /* TourMore.app */;
			productType = "com.apple.product-type.application";
		};
/* End PBXNativeTarget section */

/* Begin PBXProject section */
		28FB52532385C3CF00266868 /* Project object */ = {
			isa = PBXProject;
			attributes = {
				LastSwiftUpdateCheck = 1100;
				LastUpgradeCheck = 1100;
				ORGANIZATIONNAME = "Christopher Alegre";
				TargetAttributes = {
					28FB525A2385C3CF00266868 = {
						CreatedOnToolsVersion = 11.0;
					};
				};
			};
			buildConfigurationList = 28FB52562385C3CF00266868 /* Build configuration list for PBXProject "TourMore" */;
			compatibilityVersion = "Xcode 9.3";
			developmentRegion = en;
			hasScannedForEncodings = 0;
			knownRegions = (
				en,
				Base,
			);
			mainGroup = 28FB52522385C3CF00266868;
			productRefGroup = 28FB525C2385C3CF00266868 /* Products */;
			projectDirPath = "";
			projectRoot = "";
			targets = (
				28FB525A2385C3CF00266868 /* TourMore */,
			);
		};
/* End PBXProject section */

/* Begin PBXResourcesBuildPhase section */
		28FB52592385C3CF00266868 /* Resources */ = {
			isa = PBXResourcesBuildPhase;
			buildActionMask = 2147483647;
			files = (
				2891A245238DC56400EF795B /* UploadProfilePic.storyboard in Resources */,
				28BCD40A23957E0D006898D1 /* PhotoPicker.storyboard in Resources */,
				28FB52682385C3D000266868 /* Assets.xcassets in Resources */,
				281E8ABA238DE27E007EB045 /* WelcomeBack.storyboard in Resources */,
				281E8ABC238DE53C007EB045 /* Onboarding.storyboard in Resources */,
				26A6B8B1238DAE130099382F /* Map.storyboard in Resources */,
				26F8995E238723BB007542DE /* Main.storyboard in Resources */,
				26A6B8B5238DAE530099382F /* UserProfile.storyboard in Resources */,
				FC79CF91238DE78000A0FB12 /* Comment.storyboard in Resources */,
				26A6B8AF238DAD300099382F /* Favorite.storyboard in Resources */,
				26F8995D238723BB007542DE /* LaunchScreen.storyboard in Resources */,
				26A6B8B3238DAE3B0099382F /* CreateLocation.storyboard in Resources */,
				28477F0A2385C48800C1CA16 /* GoogleService-Info.plist in Resources */,
				28BC10AC238C887D009CE084 /* SignUp.storyboard in Resources */,
			);
			runOnlyForDeploymentPostprocessing = 0;
		};
/* End PBXResourcesBuildPhase section */

/* Begin PBXShellScriptBuildPhase section */
		89A466AB6DADC90E795944BF /* [CP] Check Pods Manifest.lock */ = {
			isa = PBXShellScriptBuildPhase;
			buildActionMask = 2147483647;
			files = (
			);
			inputFileListPaths = (
			);
			inputPaths = (
				"${PODS_PODFILE_DIR_PATH}/Podfile.lock",
				"${PODS_ROOT}/Manifest.lock",
			);
			name = "[CP] Check Pods Manifest.lock";
			outputFileListPaths = (
			);
			outputPaths = (
				"$(DERIVED_FILE_DIR)/Pods-TourMore-checkManifestLockResult.txt",
			);
			runOnlyForDeploymentPostprocessing = 0;
			shellPath = /bin/sh;
			shellScript = "diff \"${PODS_PODFILE_DIR_PATH}/Podfile.lock\" \"${PODS_ROOT}/Manifest.lock\" > /dev/null\nif [ $? != 0 ] ; then\n    # print error to STDERR\n    echo \"error: The sandbox is not in sync with the Podfile.lock. Run 'pod install' or update your CocoaPods installation.\" >&2\n    exit 1\nfi\n# This output is used by Xcode 'outputs' to avoid re-running this script phase.\necho \"SUCCESS\" > \"${SCRIPT_OUTPUT_FILE_0}\"\n";
			showEnvVarsInLog = 0;
		};
		E31924A62B50B99D243AC114 /* [CP] Embed Pods Frameworks */ = {
			isa = PBXShellScriptBuildPhase;
			buildActionMask = 2147483647;
			files = (
			);
			inputFileListPaths = (
				"${PODS_ROOT}/Target Support Files/Pods-TourMore/Pods-TourMore-frameworks-${CONFIGURATION}-input-files.xcfilelist",
			);
			name = "[CP] Embed Pods Frameworks";
			outputFileListPaths = (
				"${PODS_ROOT}/Target Support Files/Pods-TourMore/Pods-TourMore-frameworks-${CONFIGURATION}-output-files.xcfilelist",
			);
			runOnlyForDeploymentPostprocessing = 0;
			shellPath = /bin/sh;
			shellScript = "\"${PODS_ROOT}/Target Support Files/Pods-TourMore/Pods-TourMore-frameworks.sh\"\n";
			showEnvVarsInLog = 0;
		};
/* End PBXShellScriptBuildPhase section */

/* Begin PBXSourcesBuildPhase section */
		28FB52572385C3CF00266868 /* Sources */ = {
			isa = PBXSourcesBuildPhase;
			buildActionMask = 2147483647;
			files = (
				28BC10AA238C7F42009CE084 /* UserController.swift in Sources */,
				267CC5C0239ABDA800CEFB70 /* FavoriteCollectionViewController.swift in Sources */,
				267CC5BA2399586A00CEFB70 /* locationDisplayViewController.swift in Sources */,
				26CFDD64238C63680023444F /* YelpAPIModel.swift in Sources */,
				26CFDD60238C62ED0023444F /* APISearchController.swift in Sources */,
				28BCD40F2395BCFB006898D1 /* WelcomeBackViewController.swift in Sources */,
				26A6B8A7238C78EC0099382F /* CreatedLocation.swift in Sources */,
				26CFDD62238C63330023444F /* URLConstants.swift in Sources */,
				280D8020238F5FC0001704CC /* UploadProfilePictureViewController.swift in Sources */,
				267CC5BC23995A2A00CEFB70 /* LocationDisplayCollectionViewCell.swift in Sources */,
				28BC10AE238C89A2009CE084 /* SignUpViewController.swift in Sources */,
				280D801E238F5AEF001704CC /* Utilities.swift in Sources */,
				28BCD40823957DCD006898D1 /* PhotoPickerViewController.swift in Sources */,
				267CC5BE2399CC3100CEFB70 /* LocationDetailViewController.swift in Sources */,
				26CFDD68238C63C10023444F /* Comment.swift in Sources */,
				FC79CF8D238D9FD300A0FB12 /* CommentViewController.swift in Sources */,
				26F899512386F091007542DE /* MapViewTabViewController.swift in Sources */,
				28DDA7D4239981C600E12A8A /* UserProfileViewController.swift in Sources */,
				28FB525F2385C3CF00266868 /* AppDelegate.swift in Sources */,
				26A6B8AB238C83BB0099382F /* CreatedLocationController.swift in Sources */,
				26A6B8A5238C78A30099382F /* Favorite.swift in Sources */,
				267CC5C4239B05D100CEFB70 /* JoesSample.swift in Sources */,
				FC79CF8B238D9E4800A0FB12 /* CommentController.swift in Sources */,
				FC180F12239833B300DE507E /* CommentTableViewCell.swift in Sources */,
				28FB52612385C3CF00266868 /* SceneDelegate.swift in Sources */,
				26CFDD66238C638E0023444F /* User.swift in Sources */,
				267CC5C2239ACDF600CEFB70 /* FavoriteCollectionViewCell.swift in Sources */,
				26A6B8AD238D94F80099382F /* CreateNewLocationViewController.swift in Sources */,
				26A6B8A9238C82420099382F /* FavoriteController.swift in Sources */,
			);
			runOnlyForDeploymentPostprocessing = 0;
		};
/* End PBXSourcesBuildPhase section */

/* Begin XCBuildConfiguration section */
		28FB526D2385C3D000266868 /* Debug */ = {
			isa = XCBuildConfiguration;
			buildSettings = {
				ALWAYS_SEARCH_USER_PATHS = NO;
				CLANG_ANALYZER_NONNULL = YES;
				CLANG_ANALYZER_NUMBER_OBJECT_CONVERSION = YES_AGGRESSIVE;
				CLANG_CXX_LANGUAGE_STANDARD = "gnu++14";
				CLANG_CXX_LIBRARY = "libc++";
				CLANG_ENABLE_MODULES = YES;
				CLANG_ENABLE_OBJC_ARC = YES;
				CLANG_ENABLE_OBJC_WEAK = YES;
				CLANG_WARN_BLOCK_CAPTURE_AUTORELEASING = YES;
				CLANG_WARN_BOOL_CONVERSION = YES;
				CLANG_WARN_COMMA = YES;
				CLANG_WARN_CONSTANT_CONVERSION = YES;
				CLANG_WARN_DEPRECATED_OBJC_IMPLEMENTATIONS = YES;
				CLANG_WARN_DIRECT_OBJC_ISA_USAGE = YES_ERROR;
				CLANG_WARN_DOCUMENTATION_COMMENTS = YES;
				CLANG_WARN_EMPTY_BODY = YES;
				CLANG_WARN_ENUM_CONVERSION = YES;
				CLANG_WARN_INFINITE_RECURSION = YES;
				CLANG_WARN_INT_CONVERSION = YES;
				CLANG_WARN_NON_LITERAL_NULL_CONVERSION = YES;
				CLANG_WARN_OBJC_IMPLICIT_RETAIN_SELF = YES;
				CLANG_WARN_OBJC_LITERAL_CONVERSION = YES;
				CLANG_WARN_OBJC_ROOT_CLASS = YES_ERROR;
				CLANG_WARN_RANGE_LOOP_ANALYSIS = YES;
				CLANG_WARN_STRICT_PROTOTYPES = YES;
				CLANG_WARN_SUSPICIOUS_MOVE = YES;
				CLANG_WARN_UNGUARDED_AVAILABILITY = YES_AGGRESSIVE;
				CLANG_WARN_UNREACHABLE_CODE = YES;
				CLANG_WARN__DUPLICATE_METHOD_MATCH = YES;
				COPY_PHASE_STRIP = NO;
				DEBUG_INFORMATION_FORMAT = dwarf;
				ENABLE_STRICT_OBJC_MSGSEND = YES;
				ENABLE_TESTABILITY = YES;
				GCC_C_LANGUAGE_STANDARD = gnu11;
				GCC_DYNAMIC_NO_PIC = NO;
				GCC_NO_COMMON_BLOCKS = YES;
				GCC_OPTIMIZATION_LEVEL = 0;
				GCC_PREPROCESSOR_DEFINITIONS = (
					"DEBUG=1",
					"$(inherited)",
				);
				GCC_WARN_64_TO_32_BIT_CONVERSION = YES;
				GCC_WARN_ABOUT_RETURN_TYPE = YES_ERROR;
				GCC_WARN_UNDECLARED_SELECTOR = YES;
				GCC_WARN_UNINITIALIZED_AUTOS = YES_AGGRESSIVE;
				GCC_WARN_UNUSED_FUNCTION = YES;
				GCC_WARN_UNUSED_VARIABLE = YES;
				IPHONEOS_DEPLOYMENT_TARGET = 13.0;
				MTL_ENABLE_DEBUG_INFO = INCLUDE_SOURCE;
				MTL_FAST_MATH = YES;
				ONLY_ACTIVE_ARCH = YES;
				SDKROOT = iphoneos;
				SWIFT_ACTIVE_COMPILATION_CONDITIONS = DEBUG;
				SWIFT_OPTIMIZATION_LEVEL = "-Onone";
			};
			name = Debug;
		};
		28FB526E2385C3D000266868 /* Release */ = {
			isa = XCBuildConfiguration;
			buildSettings = {
				ALWAYS_SEARCH_USER_PATHS = NO;
				CLANG_ANALYZER_NONNULL = YES;
				CLANG_ANALYZER_NUMBER_OBJECT_CONVERSION = YES_AGGRESSIVE;
				CLANG_CXX_LANGUAGE_STANDARD = "gnu++14";
				CLANG_CXX_LIBRARY = "libc++";
				CLANG_ENABLE_MODULES = YES;
				CLANG_ENABLE_OBJC_ARC = YES;
				CLANG_ENABLE_OBJC_WEAK = YES;
				CLANG_WARN_BLOCK_CAPTURE_AUTORELEASING = YES;
				CLANG_WARN_BOOL_CONVERSION = YES;
				CLANG_WARN_COMMA = YES;
				CLANG_WARN_CONSTANT_CONVERSION = YES;
				CLANG_WARN_DEPRECATED_OBJC_IMPLEMENTATIONS = YES;
				CLANG_WARN_DIRECT_OBJC_ISA_USAGE = YES_ERROR;
				CLANG_WARN_DOCUMENTATION_COMMENTS = YES;
				CLANG_WARN_EMPTY_BODY = YES;
				CLANG_WARN_ENUM_CONVERSION = YES;
				CLANG_WARN_INFINITE_RECURSION = YES;
				CLANG_WARN_INT_CONVERSION = YES;
				CLANG_WARN_NON_LITERAL_NULL_CONVERSION = YES;
				CLANG_WARN_OBJC_IMPLICIT_RETAIN_SELF = YES;
				CLANG_WARN_OBJC_LITERAL_CONVERSION = YES;
				CLANG_WARN_OBJC_ROOT_CLASS = YES_ERROR;
				CLANG_WARN_RANGE_LOOP_ANALYSIS = YES;
				CLANG_WARN_STRICT_PROTOTYPES = YES;
				CLANG_WARN_SUSPICIOUS_MOVE = YES;
				CLANG_WARN_UNGUARDED_AVAILABILITY = YES_AGGRESSIVE;
				CLANG_WARN_UNREACHABLE_CODE = YES;
				CLANG_WARN__DUPLICATE_METHOD_MATCH = YES;
				COPY_PHASE_STRIP = NO;
				DEBUG_INFORMATION_FORMAT = "dwarf-with-dsym";
				ENABLE_NS_ASSERTIONS = NO;
				ENABLE_STRICT_OBJC_MSGSEND = YES;
				GCC_C_LANGUAGE_STANDARD = gnu11;
				GCC_NO_COMMON_BLOCKS = YES;
				GCC_WARN_64_TO_32_BIT_CONVERSION = YES;
				GCC_WARN_ABOUT_RETURN_TYPE = YES_ERROR;
				GCC_WARN_UNDECLARED_SELECTOR = YES;
				GCC_WARN_UNINITIALIZED_AUTOS = YES_AGGRESSIVE;
				GCC_WARN_UNUSED_FUNCTION = YES;
				GCC_WARN_UNUSED_VARIABLE = YES;
				IPHONEOS_DEPLOYMENT_TARGET = 13.0;
				MTL_ENABLE_DEBUG_INFO = NO;
				MTL_FAST_MATH = YES;
				SDKROOT = iphoneos;
				SWIFT_COMPILATION_MODE = wholemodule;
				SWIFT_OPTIMIZATION_LEVEL = "-O";
				VALIDATE_PRODUCT = YES;
			};
			name = Release;
		};
		28FB52702385C3D000266868 /* Debug */ = {
			isa = XCBuildConfiguration;
			baseConfigurationReference = FD2C28E0E6CC3310BB4ED031 /* Pods-TourMore.debug.xcconfig */;
			buildSettings = {
				ASSETCATALOG_COMPILER_APPICON_NAME = AppIcon;
				CODE_SIGN_ENTITLEMENTS = TourMore/TourMore.entitlements;
				CODE_SIGN_STYLE = Automatic;
				DEVELOPMENT_TEAM = 5XC6N4RBRH;
				GCC_NO_COMMON_BLOCKS = NO;
				INFOPLIST_FILE = TourMore/Info.plist;
				IPHONEOS_DEPLOYMENT_TARGET = 13.0;
				LD_RUNPATH_SEARCH_PATHS = (
					"$(inherited)",
					"@executable_path/Frameworks",
				);
				PRODUCT_BUNDLE_IDENTIFIER = calegre.TourMore;
				PRODUCT_NAME = "$(TARGET_NAME)";
				SWIFT_VERSION = 5.0;
				TARGETED_DEVICE_FAMILY = "1,2";
			};
			name = Debug;
		};
		28FB52712385C3D000266868 /* Release */ = {
			isa = XCBuildConfiguration;
			baseConfigurationReference = 8EBB7F49997E8BC0FBBE2AA3 /* Pods-TourMore.release.xcconfig */;
			buildSettings = {
				ASSETCATALOG_COMPILER_APPICON_NAME = AppIcon;
				CODE_SIGN_ENTITLEMENTS = TourMore/TourMore.entitlements;
				CODE_SIGN_STYLE = Automatic;
				DEVELOPMENT_TEAM = 5XC6N4RBRH;
				GCC_NO_COMMON_BLOCKS = NO;
				INFOPLIST_FILE = TourMore/Info.plist;
				IPHONEOS_DEPLOYMENT_TARGET = 13.0;
				LD_RUNPATH_SEARCH_PATHS = (
					"$(inherited)",
					"@executable_path/Frameworks",
				);
				PRODUCT_BUNDLE_IDENTIFIER = calegre.TourMore;
				PRODUCT_NAME = "$(TARGET_NAME)";
				SWIFT_VERSION = 5.0;
				TARGETED_DEVICE_FAMILY = "1,2";
			};
			name = Release;
		};
/* End XCBuildConfiguration section */

/* Begin XCConfigurationList section */
		28FB52562385C3CF00266868 /* Build configuration list for PBXProject "TourMore" */ = {
			isa = XCConfigurationList;
			buildConfigurations = (
				28FB526D2385C3D000266868 /* Debug */,
				28FB526E2385C3D000266868 /* Release */,
			);
			defaultConfigurationIsVisible = 0;
			defaultConfigurationName = Release;
		};
		28FB526F2385C3D000266868 /* Build configuration list for PBXNativeTarget "TourMore" */ = {
			isa = XCConfigurationList;
			buildConfigurations = (
				28FB52702385C3D000266868 /* Debug */,
				28FB52712385C3D000266868 /* Release */,
			);
			defaultConfigurationIsVisible = 0;
			defaultConfigurationName = Release;
		};
/* End XCConfigurationList section */
	};
	rootObject = 28FB52532385C3CF00266868 /* Project object */;
}
