// !$*UTF8*$!
{
	archiveVersion = 1;
	classes = {
	};
	objectVersion = 51;
	objects = {

/* Begin PBXBuildFile section */
		1EB265B726B70768034DDD5A /* Pods_TourMore.framework in Frameworks */ = {isa = PBXBuildFile; fileRef = DAA63E12E15E72558BB9B856 /* Pods_TourMore.framework */; };
		26F899512386F091007542DE /* MapViewTabViewController.swift in Sources */ = {isa = PBXBuildFile; fileRef = 26F8994F2386F091007542DE /* MapViewTabViewController.swift */; };
		26F8995D238723BB007542DE /* LaunchScreen.storyboard in Resources */ = {isa = PBXBuildFile; fileRef = 26F8995B238723BA007542DE /* LaunchScreen.storyboard */; };
		26F8995E238723BB007542DE /* Main.storyboard in Resources */ = {isa = PBXBuildFile; fileRef = 26F8995C238723BA007542DE /* Main.storyboard */; };
		28477F0A2385C48800C1CA16 /* GoogleService-Info.plist in Resources */ = {isa = PBXBuildFile; fileRef = 28477F092385C48800C1CA16 /* GoogleService-Info.plist */; };
		28FB525F2385C3CF00266868 /* AppDelegate.swift in Sources */ = {isa = PBXBuildFile; fileRef = 28FB525E2385C3CF00266868 /* AppDelegate.swift */; };
		28FB52612385C3CF00266868 /* SceneDelegate.swift in Sources */ = {isa = PBXBuildFile; fileRef = 28FB52602385C3CF00266868 /* SceneDelegate.swift */; };
		28FB52632385C3CF00266868 /* ViewController.swift in Sources */ = {isa = PBXBuildFile; fileRef = 28FB52622385C3CF00266868 /* ViewController.swift */; };
		28FB52682385C3D000266868 /* Assets.xcassets in Resources */ = {isa = PBXBuildFile; fileRef = 28FB52672385C3D000266868 /* Assets.xcassets */; };
/* End PBXBuildFile section */

/* Begin PBXFileReference section */
		26F8994F2386F091007542DE /* MapViewTabViewController.swift */ = {isa = PBXFileReference; fileEncoding = 4; lastKnownFileType = sourcecode.swift; path = MapViewTabViewController.swift; sourceTree = "<group>"; };
		26F8995B238723BA007542DE /* LaunchScreen.storyboard */ = {isa = PBXFileReference; fileEncoding = 4; lastKnownFileType = file.storyboard; name = LaunchScreen.storyboard; path = "New Group/LaunchScreen.storyboard"; sourceTree = "<group>"; };
		26F8995C238723BA007542DE /* Main.storyboard */ = {isa = PBXFileReference; fileEncoding = 4; lastKnownFileType = file.storyboard; name = Main.storyboard; path = "New Group/Main.storyboard"; sourceTree = "<group>"; };
		28477F092385C48800C1CA16 /* GoogleService-Info.plist */ = {isa = PBXFileReference; fileEncoding = 4; lastKnownFileType = text.plist.xml; path = "GoogleService-Info.plist"; sourceTree = "<group>"; };
		28FB525B2385C3CF00266868 /* TourMore.app */ = {isa = PBXFileReference; explicitFileType = wrapper.application; includeInIndex = 0; path = TourMore.app; sourceTree = BUILT_PRODUCTS_DIR; };
		28FB525E2385C3CF00266868 /* AppDelegate.swift */ = {isa = PBXFileReference; lastKnownFileType = sourcecode.swift; path = AppDelegate.swift; sourceTree = "<group>"; };
		28FB52602385C3CF00266868 /* SceneDelegate.swift */ = {isa = PBXFileReference; lastKnownFileType = sourcecode.swift; path = SceneDelegate.swift; sourceTree = "<group>"; };
		28FB52622385C3CF00266868 /* ViewController.swift */ = {isa = PBXFileReference; lastKnownFileType = sourcecode.swift; path = ViewController.swift; sourceTree = "<group>"; };
		28FB52672385C3D000266868 /* Assets.xcassets */ = {isa = PBXFileReference; lastKnownFileType = folder.assetcatalog; path = Assets.xcassets; sourceTree = "<group>"; };
		28FB526C2385C3D000266868 /* Info.plist */ = {isa = PBXFileReference; lastKnownFileType = text.plist.xml; path = Info.plist; sourceTree = "<group>"; };
		4B2427077D5ED5A64BBA444C /* Pods-TourMore.release.xcconfig */ = {isa = PBXFileReference; includeInIndex = 1; lastKnownFileType = text.xcconfig; name = "Pods-TourMore.release.xcconfig"; path = "Target Support Files/Pods-TourMore/Pods-TourMore.release.xcconfig"; sourceTree = "<group>"; };
		CEB1AA1DDD629C7992B98086 /* Pods-TourMore.debug.xcconfig */ = {isa = PBXFileReference; includeInIndex = 1; lastKnownFileType = text.xcconfig; name = "Pods-TourMore.debug.xcconfig"; path = "Target Support Files/Pods-TourMore/Pods-TourMore.debug.xcconfig"; sourceTree = "<group>"; };
		DAA63E12E15E72558BB9B856 /* Pods_TourMore.framework */ = {isa = PBXFileReference; explicitFileType = wrapper.framework; includeInIndex = 0; path = Pods_TourMore.framework; sourceTree = BUILT_PRODUCTS_DIR; };
/* End PBXFileReference section */

/* Begin PBXFrameworksBuildPhase section */
		28FB52582385C3CF00266868 /* Frameworks */ = {
			isa = PBXFrameworksBuildPhase;
			buildActionMask = 2147483647;
			files = (
				1EB265B726B70768034DDD5A /* Pods_TourMore.framework in Frameworks */,
			);
			runOnlyForDeploymentPostprocessing = 0;
		};
/* End PBXFrameworksBuildPhase section */

/* Begin PBXGroup section */
		0677E528CC181593EE037476 /* Frameworks */ = {
			isa = PBXGroup;
			children = (
				DAA63E12E15E72558BB9B856 /* Pods_TourMore.framework */,
			);
			name = Frameworks;
			sourceTree = "<group>";
		};
		26D75CF12385D03000B285A4 /* SupportingFiles  */ = {
			isa = PBXGroup;
			children = (
				28FB525E2385C3CF00266868 /* AppDelegate.swift */,
				28FB52602385C3CF00266868 /* SceneDelegate.swift */,
			);
			path = "SupportingFiles ";
			sourceTree = "<group>";
		};
		26F899522386F0BA007542DE /* Controllers */ = {
			isa = PBXGroup;
			children = (
				26F899532386F0C8007542DE /* ViewController */,
			);
			path = Controllers;
			sourceTree = "<group>";
		};
		26F899532386F0C8007542DE /* ViewController */ = {
			isa = PBXGroup;
			children = (
				26F8994F2386F091007542DE /* MapViewTabViewController.swift */,
			);
			path = ViewController;
			sourceTree = "<group>";
		};
		28FB52522385C3CF00266868 = {
			isa = PBXGroup;
			children = (
				28FB525D2385C3CF00266868 /* TourMore */,
				28FB525C2385C3CF00266868 /* Products */,
				557646AAF2F3168FA41D19A7 /* Pods */,
				0677E528CC181593EE037476 /* Frameworks */,
			);
			sourceTree = "<group>";
		};
		28FB525C2385C3CF00266868 /* Products */ = {
			isa = PBXGroup;
			children = (
				28FB525B2385C3CF00266868 /* TourMore.app */,
			);
			name = Products;
			sourceTree = "<group>";
		};
		28FB525D2385C3CF00266868 /* TourMore */ = {
			isa = PBXGroup;
			children = (
				26F8995B238723BA007542DE /* LaunchScreen.storyboard */,
				26F8995C238723BA007542DE /* Main.storyboard */,
				26F899522386F0BA007542DE /* Controllers */,
				26D75CF12385D03000B285A4 /* SupportingFiles  */,
				28FB52622385C3CF00266868 /* ViewController.swift */,
				28FB52672385C3D000266868 /* Assets.xcassets */,
				28FB526C2385C3D000266868 /* Info.plist */,
				28477F092385C48800C1CA16 /* GoogleService-Info.plist */,
			);
			path = TourMore;
			sourceTree = "<group>";
		};
		557646AAF2F3168FA41D19A7 /* Pods */ = {
			isa = PBXGroup;
			children = (
				CEB1AA1DDD629C7992B98086 /* Pods-TourMore.debug.xcconfig */,
				4B2427077D5ED5A64BBA444C /* Pods-TourMore.release.xcconfig */,
			);
			path = Pods;
			sourceTree = "<group>";
		};
/* End PBXGroup section */

/* Begin PBXNativeTarget section */
		28FB525A2385C3CF00266868 /* TourMore */ = {
			isa = PBXNativeTarget;
			buildConfigurationList = 28FB526F2385C3D000266868 /* Build configuration list for PBXNativeTarget "TourMore" */;
			buildPhases = (
				206D737FEED631AEDEE7D357 /* [CP] Check Pods Manifest.lock */,
				28FB52572385C3CF00266868 /* Sources */,
				28FB52582385C3CF00266868 /* Frameworks */,
				28FB52592385C3CF00266868 /* Resources */,
				592DEB37BC49C1CB4FDAA1FA /* [CP] Embed Pods Frameworks */,
			);
			buildRules = (
			);
			dependencies = (
			);
			name = TourMore;
			productName = TourMore;
			productReference = 28FB525B2385C3CF00266868 /* TourMore.app */;
			productType = "com.apple.product-type.application";
		};
/* End PBXNativeTarget section */

/* Begin PBXProject section */
		28FB52532385C3CF00266868 /* Project object */ = {
			isa = PBXProject;
			attributes = {
				LastSwiftUpdateCheck = 1100;
				LastUpgradeCheck = 1100;
				ORGANIZATIONNAME = "Christopher Alegre";
				TargetAttributes = {
					28FB525A2385C3CF00266868 = {
						CreatedOnToolsVersion = 11.0;
					};
				};
			};
			buildConfigurationList = 28FB52562385C3CF00266868 /* Build configuration list for PBXProject "TourMore" */;
			compatibilityVersion = "Xcode 9.3";
			developmentRegion = en;
			hasScannedForEncodings = 0;
			knownRegions = (
				en,
				Base,
			);
			mainGroup = 28FB52522385C3CF00266868;
			productRefGroup = 28FB525C2385C3CF00266868 /* Products */;
			projectDirPath = "";
			projectRoot = "";
			targets = (
				28FB525A2385C3CF00266868 /* TourMore */,
			);
		};
/* End PBXProject section */

/* Begin PBXResourcesBuildPhase section */
		28FB52592385C3CF00266868 /* Resources */ = {
			isa = PBXResourcesBuildPhase;
			buildActionMask = 2147483647;
			files = (
				28FB52682385C3D000266868 /* Assets.xcassets in Resources */,
				26F8995E238723BB007542DE /* Main.storyboard in Resources */,
				26F8995D238723BB007542DE /* LaunchScreen.storyboard in Resources */,
				28477F0A2385C48800C1CA16 /* GoogleService-Info.plist in Resources */,
			);
			runOnlyForDeploymentPostprocessing = 0;
		};
/* End PBXResourcesBuildPhase section */

/* Begin PBXShellScriptBuildPhase section */
		206D737FEED631AEDEE7D357 /* [CP] Check Pods Manifest.lock */ = {
			isa = PBXShellScriptBuildPhase;
			buildActionMask = 2147483647;
			files = (
			);
			inputFileListPaths = (
			);
			inputPaths = (
				"${PODS_PODFILE_DIR_PATH}/Podfile.lock",
				"${PODS_ROOT}/Manifest.lock",
			);
			name = "[CP] Check Pods Manifest.lock";
			outputFileListPaths = (
			);
			outputPaths = (
				"$(DERIVED_FILE_DIR)/Pods-TourMore-checkManifestLockResult.txt",
			);
			runOnlyForDeploymentPostprocessing = 0;
			shellPath = /bin/sh;
			shellScript = "diff \"${PODS_PODFILE_DIR_PATH}/Podfile.lock\" \"${PODS_ROOT}/Manifest.lock\" > /dev/null\nif [ $? != 0 ] ; then\n    # print error to STDERR\n    echo \"error: The sandbox is not in sync with the Podfile.lock. Run 'pod install' or update your CocoaPods installation.\" >&2\n    exit 1\nfi\n# This output is used by Xcode 'outputs' to avoid re-running this script phase.\necho \"SUCCESS\" > \"${SCRIPT_OUTPUT_FILE_0}\"\n";
			showEnvVarsInLog = 0;
		};
		592DEB37BC49C1CB4FDAA1FA /* [CP] Embed Pods Frameworks */ = {
			isa = PBXShellScriptBuildPhase;
			buildActionMask = 2147483647;
			files = (
			);
			inputFileListPaths = (
				"${PODS_ROOT}/Target Support Files/Pods-TourMore/Pods-TourMore-frameworks-${CONFIGURATION}-input-files.xcfilelist",
			);
			name = "[CP] Embed Pods Frameworks";
			outputFileListPaths = (
				"${PODS_ROOT}/Target Support Files/Pods-TourMore/Pods-TourMore-frameworks-${CONFIGURATION}-output-files.xcfilelist",
			);
			runOnlyForDeploymentPostprocessing = 0;
			shellPath = /bin/sh;
			shellScript = "\"${PODS_ROOT}/Target Support Files/Pods-TourMore/Pods-TourMore-frameworks.sh\"\n";
			showEnvVarsInLog = 0;
		};
/* End PBXShellScriptBuildPhase section */

/* Begin PBXSourcesBuildPhase section */
		28FB52572385C3CF00266868 /* Sources */ = {
			isa = PBXSourcesBuildPhase;
			buildActionMask = 2147483647;
			files = (
				26F899512386F091007542DE /* MapViewTabViewController.swift in Sources */,
				28FB52632385C3CF00266868 /* ViewController.swift in Sources */,
				28FB525F2385C3CF00266868 /* AppDelegate.swift in Sources */,
				28FB52612385C3CF00266868 /* SceneDelegate.swift in Sources */,
			);
			runOnlyForDeploymentPostprocessing = 0;
		};
/* End PBXSourcesBuildPhase section */

/* Begin XCBuildConfiguration section */
		28FB526D2385C3D000266868 /* Debug */ = {
			isa = XCBuildConfiguration;
			buildSettings = {
				ALWAYS_SEARCH_USER_PATHS = NO;
				CLANG_ANALYZER_NONNULL = YES;
				CLANG_ANALYZER_NUMBER_OBJECT_CONVERSION = YES_AGGRESSIVE;
				CLANG_CXX_LANGUAGE_STANDARD = "gnu++14";
				CLANG_CXX_LIBRARY = "libc++";
				CLANG_ENABLE_MODULES = YES;
				CLANG_ENABLE_OBJC_ARC = YES;
				CLANG_ENABLE_OBJC_WEAK = YES;
				CLANG_WARN_BLOCK_CAPTURE_AUTORELEASING = YES;
				CLANG_WARN_BOOL_CONVERSION = YES;
				CLANG_WARN_COMMA = YES;
				CLANG_WARN_CONSTANT_CONVERSION = YES;
				CLANG_WARN_DEPRECATED_OBJC_IMPLEMENTATIONS = YES;
				CLANG_WARN_DIRECT_OBJC_ISA_USAGE = YES_ERROR;
				CLANG_WARN_DOCUMENTATION_COMMENTS = YES;
				CLANG_WARN_EMPTY_BODY = YES;
				CLANG_WARN_ENUM_CONVERSION = YES;
				CLANG_WARN_INFINITE_RECURSION = YES;
				CLANG_WARN_INT_CONVERSION = YES;
				CLANG_WARN_NON_LITERAL_NULL_CONVERSION = YES;
				CLANG_WARN_OBJC_IMPLICIT_RETAIN_SELF = YES;
				CLANG_WARN_OBJC_LITERAL_CONVERSION = YES;
				CLANG_WARN_OBJC_ROOT_CLASS = YES_ERROR;
				CLANG_WARN_RANGE_LOOP_ANALYSIS = YES;
				CLANG_WARN_STRICT_PROTOTYPES = YES;
				CLANG_WARN_SUSPICIOUS_MOVE = YES;
				CLANG_WARN_UNGUARDED_AVAILABILITY = YES_AGGRESSIVE;
				CLANG_WARN_UNREACHABLE_CODE = YES;
				CLANG_WARN__DUPLICATE_METHOD_MATCH = YES;
				COPY_PHASE_STRIP = NO;
				DEBUG_INFORMATION_FORMAT = dwarf;
				ENABLE_STRICT_OBJC_MSGSEND = YES;
				ENABLE_TESTABILITY = YES;
				GCC_C_LANGUAGE_STANDARD = gnu11;
				GCC_DYNAMIC_NO_PIC = NO;
				GCC_NO_COMMON_BLOCKS = YES;
				GCC_OPTIMIZATION_LEVEL = 0;
				GCC_PREPROCESSOR_DEFINITIONS = (
					"DEBUG=1",
					"$(inherited)",
				);
				GCC_WARN_64_TO_32_BIT_CONVERSION = YES;
				GCC_WARN_ABOUT_RETURN_TYPE = YES_ERROR;
				GCC_WARN_UNDECLARED_SELECTOR = YES;
				GCC_WARN_UNINITIALIZED_AUTOS = YES_AGGRESSIVE;
				GCC_WARN_UNUSED_FUNCTION = YES;
				GCC_WARN_UNUSED_VARIABLE = YES;
				IPHONEOS_DEPLOYMENT_TARGET = 13.0;
				MTL_ENABLE_DEBUG_INFO = INCLUDE_SOURCE;
				MTL_FAST_MATH = YES;
				ONLY_ACTIVE_ARCH = YES;
				SDKROOT = iphoneos;
				SWIFT_ACTIVE_COMPILATION_CONDITIONS = DEBUG;
				SWIFT_OPTIMIZATION_LEVEL = "-Onone";
			};
			name = Debug;
		};
		28FB526E2385C3D000266868 /* Release */ = {
			isa = XCBuildConfiguration;
			buildSettings = {
				ALWAYS_SEARCH_USER_PATHS = NO;
				CLANG_ANALYZER_NONNULL = YES;
				CLANG_ANALYZER_NUMBER_OBJECT_CONVERSION = YES_AGGRESSIVE;
				CLANG_CXX_LANGUAGE_STANDARD = "gnu++14";
				CLANG_CXX_LIBRARY = "libc++";
				CLANG_ENABLE_MODULES = YES;
				CLANG_ENABLE_OBJC_ARC = YES;
				CLANG_ENABLE_OBJC_WEAK = YES;
				CLANG_WARN_BLOCK_CAPTURE_AUTORELEASING = YES;
				CLANG_WARN_BOOL_CONVERSION = YES;
				CLANG_WARN_COMMA = YES;
				CLANG_WARN_CONSTANT_CONVERSION = YES;
				CLANG_WARN_DEPRECATED_OBJC_IMPLEMENTATIONS = YES;
				CLANG_WARN_DIRECT_OBJC_ISA_USAGE = YES_ERROR;
				CLANG_WARN_DOCUMENTATION_COMMENTS = YES;
				CLANG_WARN_EMPTY_BODY = YES;
				CLANG_WARN_ENUM_CONVERSION = YES;
				CLANG_WARN_INFINITE_RECURSION = YES;
				CLANG_WARN_INT_CONVERSION = YES;
				CLANG_WARN_NON_LITERAL_NULL_CONVERSION = YES;
				CLANG_WARN_OBJC_IMPLICIT_RETAIN_SELF = YES;
				CLANG_WARN_OBJC_LITERAL_CONVERSION = YES;
				CLANG_WARN_OBJC_ROOT_CLASS = YES_ERROR;
				CLANG_WARN_RANGE_LOOP_ANALYSIS = YES;
				CLANG_WARN_STRICT_PROTOTYPES = YES;
				CLANG_WARN_SUSPICIOUS_MOVE = YES;
				CLANG_WARN_UNGUARDED_AVAILABILITY = YES_AGGRESSIVE;
				CLANG_WARN_UNREACHABLE_CODE = YES;
				CLANG_WARN__DUPLICATE_METHOD_MATCH = YES;
				COPY_PHASE_STRIP = NO;
				DEBUG_INFORMATION_FORMAT = "dwarf-with-dsym";
				ENABLE_NS_ASSERTIONS = NO;
				ENABLE_STRICT_OBJC_MSGSEND = YES;
				GCC_C_LANGUAGE_STANDARD = gnu11;
				GCC_NO_COMMON_BLOCKS = YES;
				GCC_WARN_64_TO_32_BIT_CONVERSION = YES;
				GCC_WARN_ABOUT_RETURN_TYPE = YES_ERROR;
				GCC_WARN_UNDECLARED_SELECTOR = YES;
				GCC_WARN_UNINITIALIZED_AUTOS = YES_AGGRESSIVE;
				GCC_WARN_UNUSED_FUNCTION = YES;
				GCC_WARN_UNUSED_VARIABLE = YES;
				IPHONEOS_DEPLOYMENT_TARGET = 13.0;
				MTL_ENABLE_DEBUG_INFO = NO;
				MTL_FAST_MATH = YES;
				SDKROOT = iphoneos;
				SWIFT_COMPILATION_MODE = wholemodule;
				SWIFT_OPTIMIZATION_LEVEL = "-O";
				VALIDATE_PRODUCT = YES;
			};
			name = Release;
		};
		28FB52702385C3D000266868 /* Debug */ = {
			isa = XCBuildConfiguration;
			baseConfigurationReference = CEB1AA1DDD629C7992B98086 /* Pods-TourMore.debug.xcconfig */;
			buildSettings = {
				ASSETCATALOG_COMPILER_APPICON_NAME = AppIcon;
				CODE_SIGN_STYLE = Automatic;
				DEVELOPMENT_TEAM = 5XC6N4RBRH;
				INFOPLIST_FILE = TourMore/Info.plist;
				LD_RUNPATH_SEARCH_PATHS = (
					"$(inherited)",
					"@executable_path/Frameworks",
				);
				PRODUCT_BUNDLE_IDENTIFIER = calegre.TourMore;
				PRODUCT_NAME = "$(TARGET_NAME)";
				SWIFT_VERSION = 5.0;
				TARGETED_DEVICE_FAMILY = "1,2";
			};
			name = Debug;
		};
		28FB52712385C3D000266868 /* Release */ = {
			isa = XCBuildConfiguration;
			baseConfigurationReference = 4B2427077D5ED5A64BBA444C /* Pods-TourMore.release.xcconfig */;
			buildSettings = {
				ASSETCATALOG_COMPILER_APPICON_NAME = AppIcon;
				CODE_SIGN_STYLE = Automatic;
				DEVELOPMENT_TEAM = 5XC6N4RBRH;
				INFOPLIST_FILE = TourMore/Info.plist;
				LD_RUNPATH_SEARCH_PATHS = (
					"$(inherited)",
					"@executable_path/Frameworks",
				);
				PRODUCT_BUNDLE_IDENTIFIER = calegre.TourMore;
				PRODUCT_NAME = "$(TARGET_NAME)";
				SWIFT_VERSION = 5.0;
				TARGETED_DEVICE_FAMILY = "1,2";
			};
			name = Release;
		};
/* End XCBuildConfiguration section */

/* Begin XCConfigurationList section */
		28FB52562385C3CF00266868 /* Build configuration list for PBXProject "TourMore" */ = {
			isa = XCConfigurationList;
			buildConfigurations = (
				28FB526D2385C3D000266868 /* Debug */,
				28FB526E2385C3D000266868 /* Release */,
			);
			defaultConfigurationIsVisible = 0;
			defaultConfigurationName = Release;
		};
		28FB526F2385C3D000266868 /* Build configuration list for PBXNativeTarget "TourMore" */ = {
			isa = XCConfigurationList;
			buildConfigurations = (
				28FB52702385C3D000266868 /* Debug */,
				28FB52712385C3D000266868 /* Release */,
			);
			defaultConfigurationIsVisible = 0;
			defaultConfigurationName = Release;
		};
/* End XCConfigurationList section */
	};
	rootObject = 28FB52532385C3CF00266868 /* Project object */;
}
